
Microsoft Visual Studio Solution File, Format Version 12.00
# Visual Studio Version 17
VisualStudioVersion = 17.5.002.0
MinimumVisualStudioVersion = 10.0.40219.1
Project("{9A19103F-16F7-4668-BE54-9A1E7A4F7556}") = "task1", "lesson1\task1.csproj", "{B67FA854-94A6-42E8-974A-5AEDC2BD8A47}"
EndProject
Project("{2150E333-8FDC-42A3-9474-1A3956D46DE8}") = "lesson2", "lesson2", "{C4433AAF-ED97-498A-8DAB-A088F98F148A}"
EndProject
Project("{9A19103F-16F7-4668-BE54-9A1E7A4F7556}") = "lesson2", "lesson2\task1\lesson2.csproj", "{C5BD7D35-F4A1-4F2F-B541-DAE66105DE0F}"
EndProject
Project("{9A19103F-16F7-4668-BE54-9A1E7A4F7556}") = "task2", "lesson2\task2\task2.csproj", "{E729BBBA-94B4-4DF3-B778-23D056AD8727}"
EndProject
Project("{2150E333-8FDC-42A3-9474-1A3956D46DE8}") = "lesson3", "lesson3", "{334E238E-B83A-449E-8579-C9A164638720}"
EndProject
Project("{9A19103F-16F7-4668-BE54-9A1E7A4F7556}") = "task1", "lesson3\task1\task1.csproj", "{20E17E75-AF58-4179-A6CD-56BEC1581741}"
EndProject
Project("{9A19103F-16F7-4668-BE54-9A1E7A4F7556}") = "task2", "lesson3\task2\task2.csproj", "{88612F75-844B-4CB6-B467-EC575AFCBBF4}"
EndProject
Project("{9A19103F-16F7-4668-BE54-9A1E7A4F7556}") = "task3", "lesson3\task3\task3.csproj", "{7CFA482D-A8DB-40EA-B962-A3172C3D13CE}"
EndProject
Project("{9A19103F-16F7-4668-BE54-9A1E7A4F7556}") = "task4", "lesson3\task4\task4.csproj", "{AEDF007A-5258-45D2-922A-D01D27F796F0}"
EndProject
Project("{2150E333-8FDC-42A3-9474-1A3956D46DE8}") = "lesson4", "lesson4", "{80B05E41-2923-42F4-9329-48AEE926D0A0}"
EndProject
Project("{9A19103F-16F7-4668-BE54-9A1E7A4F7556}") = "task1", "lesson4\task1\task1.csproj", "{2308CD83-89FB-4911-82C8-1B97AF72B6E8}"
EndProject
Project("{9A19103F-16F7-4668-BE54-9A1E7A4F7556}") = "task2", "lesson4\task2\task2.csproj", "{A8584B2A-A9C1-4089-B966-E0E515198D03}"
EndProject
Project("{9A19103F-16F7-4668-BE54-9A1E7A4F7556}") = "task3", "lesson4\task3\task3.csproj", "{7C63B5EA-6801-4E7E-9B26-BD46EA7BC56A}"
EndProject
Project("{2150E333-8FDC-42A3-9474-1A3956D46DE8}") = "dz(1)", "dz(1)", "{B4CE7598-33C9-4160-B75C-16FDF134F887}"
EndProject
Project("{9A19103F-16F7-4668-BE54-9A1E7A4F7556}") = "task1", "lesson2\dz(1)\task1\task1.csproj", "{89D3D7A5-8A4C-49E6-86F6-F8EF648FB217}"
EndProject
Project("{9A19103F-16F7-4668-BE54-9A1E7A4F7556}") = "task2", "lesson2\dz(1)\task2\task2.csproj", "{98D6990F-85ED-4A88-9A4F-DF4BB68931D6}"
EndProject
Project("{9A19103F-16F7-4668-BE54-9A1E7A4F7556}") = "task3", "lesson2\dz(1)\task3\task3.csproj", "{767A7AE6-68BF-4D7A-95B1-B09BBBB2DB90}"
EndProject
Project("{9A19103F-16F7-4668-BE54-9A1E7A4F7556}") = "task4", "lesson2\dz(1)\task4\task4.csproj", "{5E9F3359-1B38-410A-9377-7AABE0B963A1}"
EndProject
Project("{2150E333-8FDC-42A3-9474-1A3956D46DE8}") = "dz", "dz", "{F1588A51-5F87-4914-9A0D-1DD93490ED60}"
EndProject
Project("{9A19103F-16F7-4668-BE54-9A1E7A4F7556}") = "dz(1)", "lesson3\dz\dz(1)\dz(1).csproj", "{1A8FC7FC-903B-4319-9D9A-7AC4674F19E5}"
EndProject
Project("{9A19103F-16F7-4668-BE54-9A1E7A4F7556}") = "dz(2)", "lesson3\dz\dz(2)\dz(2).csproj", "{7DD1677E-050C-465D-BCFF-9EDE43A9D0D6}"
EndProject
Project("{9A19103F-16F7-4668-BE54-9A1E7A4F7556}") = "dz(3)", "lesson3\dz\dz(3)\dz(3).csproj", "{7190DFCD-B458-4431-AC51-16408AE49749}"
EndProject
Project("{2150E333-8FDC-42A3-9474-1A3956D46DE8}") = "dz", "dz", "{7CDCE826-F686-4351-88A1-D6ED5379695D}"
EndProject
Project("{9A19103F-16F7-4668-BE54-9A1E7A4F7556}") = "dz(1)", "lesson4\dz\dz(1)\dz(1).csproj", "{005171FB-2D98-407F-BCAB-9177B1A20085}"
EndProject
Project("{9A19103F-16F7-4668-BE54-9A1E7A4F7556}") = "dz(2)", "lesson4\dz\dz(2)\dz(2).csproj", "{73857619-F0D1-4987-8615-BF5C95E85993}"
EndProject
Global
	GlobalSection(SolutionConfigurationPlatforms) = preSolution
		Debug|Any CPU = Debug|Any CPU
		Release|Any CPU = Release|Any CPU
	EndGlobalSection
	GlobalSection(ProjectConfigurationPlatforms) = postSolution
		{B67FA854-94A6-42E8-974A-5AEDC2BD8A47}.Debug|Any CPU.ActiveCfg = Debug|Any CPU
		{B67FA854-94A6-42E8-974A-5AEDC2BD8A47}.Debug|Any CPU.Build.0 = Debug|Any CPU
		{B67FA854-94A6-42E8-974A-5AEDC2BD8A47}.Release|Any CPU.ActiveCfg = Release|Any CPU
		{B67FA854-94A6-42E8-974A-5AEDC2BD8A47}.Release|Any CPU.Build.0 = Release|Any CPU
		{C5BD7D35-F4A1-4F2F-B541-DAE66105DE0F}.Debug|Any CPU.ActiveCfg = Debug|Any CPU
		{C5BD7D35-F4A1-4F2F-B541-DAE66105DE0F}.Debug|Any CPU.Build.0 = Debug|Any CPU
		{C5BD7D35-F4A1-4F2F-B541-DAE66105DE0F}.Release|Any CPU.ActiveCfg = Release|Any CPU
		{C5BD7D35-F4A1-4F2F-B541-DAE66105DE0F}.Release|Any CPU.Build.0 = Release|Any CPU
		{E729BBBA-94B4-4DF3-B778-23D056AD8727}.Debug|Any CPU.ActiveCfg = Debug|Any CPU
		{E729BBBA-94B4-4DF3-B778-23D056AD8727}.Debug|Any CPU.Build.0 = Debug|Any CPU
		{E729BBBA-94B4-4DF3-B778-23D056AD8727}.Release|Any CPU.ActiveCfg = Release|Any CPU
		{E729BBBA-94B4-4DF3-B778-23D056AD8727}.Release|Any CPU.Build.0 = Release|Any CPU
		{20E17E75-AF58-4179-A6CD-56BEC1581741}.Debug|Any CPU.ActiveCfg = Debug|Any CPU
		{20E17E75-AF58-4179-A6CD-56BEC1581741}.Debug|Any CPU.Build.0 = Debug|Any CPU
		{20E17E75-AF58-4179-A6CD-56BEC1581741}.Release|Any CPU.ActiveCfg = Release|Any CPU
		{20E17E75-AF58-4179-A6CD-56BEC1581741}.Release|Any CPU.Build.0 = Release|Any CPU
		{88612F75-844B-4CB6-B467-EC575AFCBBF4}.Debug|Any CPU.ActiveCfg = Debug|Any CPU
		{88612F75-844B-4CB6-B467-EC575AFCBBF4}.Debug|Any CPU.Build.0 = Debug|Any CPU
		{88612F75-844B-4CB6-B467-EC575AFCBBF4}.Release|Any CPU.ActiveCfg = Release|Any CPU
		{88612F75-844B-4CB6-B467-EC575AFCBBF4}.Release|Any CPU.Build.0 = Release|Any CPU
		{7CFA482D-A8DB-40EA-B962-A3172C3D13CE}.Debug|Any CPU.ActiveCfg = Debug|Any CPU
		{7CFA482D-A8DB-40EA-B962-A3172C3D13CE}.Debug|Any CPU.Build.0 = Debug|Any CPU
		{7CFA482D-A8DB-40EA-B962-A3172C3D13CE}.Release|Any CPU.ActiveCfg = Release|Any CPU
		{7CFA482D-A8DB-40EA-B962-A3172C3D13CE}.Release|Any CPU.Build.0 = Release|Any CPU
		{AEDF007A-5258-45D2-922A-D01D27F796F0}.Debug|Any CPU.ActiveCfg = Debug|Any CPU
		{AEDF007A-5258-45D2-922A-D01D27F796F0}.Debug|Any CPU.Build.0 = Debug|Any CPU
		{AEDF007A-5258-45D2-922A-D01D27F796F0}.Release|Any CPU.ActiveCfg = Release|Any CPU
		{AEDF007A-5258-45D2-922A-D01D27F796F0}.Release|Any CPU.Build.0 = Release|Any CPU
		{2308CD83-89FB-4911-82C8-1B97AF72B6E8}.Debug|Any CPU.ActiveCfg = Debug|Any CPU
		{2308CD83-89FB-4911-82C8-1B97AF72B6E8}.Debug|Any CPU.Build.0 = Debug|Any CPU
		{2308CD83-89FB-4911-82C8-1B97AF72B6E8}.Release|Any CPU.ActiveCfg = Release|Any CPU
		{2308CD83-89FB-4911-82C8-1B97AF72B6E8}.Release|Any CPU.Build.0 = Release|Any CPU
		{A8584B2A-A9C1-4089-B966-E0E515198D03}.Debug|Any CPU.ActiveCfg = Debug|Any CPU
		{A8584B2A-A9C1-4089-B966-E0E515198D03}.Debug|Any CPU.Build.0 = Debug|Any CPU
		{A8584B2A-A9C1-4089-B966-E0E515198D03}.Release|Any CPU.ActiveCfg = Release|Any CPU
		{A8584B2A-A9C1-4089-B966-E0E515198D03}.Release|Any CPU.Build.0 = Release|Any CPU
		{7C63B5EA-6801-4E7E-9B26-BD46EA7BC56A}.Debug|Any CPU.ActiveCfg = Debug|Any CPU
		{7C63B5EA-6801-4E7E-9B26-BD46EA7BC56A}.Debug|Any CPU.Build.0 = Debug|Any CPU
		{7C63B5EA-6801-4E7E-9B26-BD46EA7BC56A}.Release|Any CPU.ActiveCfg = Release|Any CPU
		{7C63B5EA-6801-4E7E-9B26-BD46EA7BC56A}.Release|Any CPU.Build.0 = Release|Any CPU
		{89D3D7A5-8A4C-49E6-86F6-F8EF648FB217}.Debug|Any CPU.ActiveCfg = Debug|Any CPU
		{89D3D7A5-8A4C-49E6-86F6-F8EF648FB217}.Debug|Any CPU.Build.0 = Debug|Any CPU
		{89D3D7A5-8A4C-49E6-86F6-F8EF648FB217}.Release|Any CPU.ActiveCfg = Release|Any CPU
		{89D3D7A5-8A4C-49E6-86F6-F8EF648FB217}.Release|Any CPU.Build.0 = Release|Any CPU
		{98D6990F-85ED-4A88-9A4F-DF4BB68931D6}.Debug|Any CPU.ActiveCfg = Debug|Any CPU
		{98D6990F-85ED-4A88-9A4F-DF4BB68931D6}.Debug|Any CPU.Build.0 = Debug|Any CPU
		{98D6990F-85ED-4A88-9A4F-DF4BB68931D6}.Release|Any CPU.ActiveCfg = Release|Any CPU
		{98D6990F-85ED-4A88-9A4F-DF4BB68931D6}.Release|Any CPU.Build.0 = Release|Any CPU
		{767A7AE6-68BF-4D7A-95B1-B09BBBB2DB90}.Debug|Any CPU.ActiveCfg = Debug|Any CPU
		{767A7AE6-68BF-4D7A-95B1-B09BBBB2DB90}.Debug|Any CPU.Build.0 = Debug|Any CPU
		{767A7AE6-68BF-4D7A-95B1-B09BBBB2DB90}.Release|Any CPU.ActiveCfg = Release|Any CPU
		{767A7AE6-68BF-4D7A-95B1-B09BBBB2DB90}.Release|Any CPU.Build.0 = Release|Any CPU
		{5E9F3359-1B38-410A-9377-7AABE0B963A1}.Debug|Any CPU.ActiveCfg = Debug|Any CPU
		{5E9F3359-1B38-410A-9377-7AABE0B963A1}.Debug|Any CPU.Build.0 = Debug|Any CPU
		{5E9F3359-1B38-410A-9377-7AABE0B963A1}.Release|Any CPU.ActiveCfg = Release|Any CPU
		{5E9F3359-1B38-410A-9377-7AABE0B963A1}.Release|Any CPU.Build.0 = Release|Any CPU
		{1A8FC7FC-903B-4319-9D9A-7AC4674F19E5}.Debug|Any CPU.ActiveCfg = Debug|Any CPU
		{1A8FC7FC-903B-4319-9D9A-7AC4674F19E5}.Debug|Any CPU.Build.0 = Debug|Any CPU
		{1A8FC7FC-903B-4319-9D9A-7AC4674F19E5}.Release|Any CPU.ActiveCfg = Release|Any CPU
		{1A8FC7FC-903B-4319-9D9A-7AC4674F19E5}.Release|Any CPU.Build.0 = Release|Any CPU
		{7DD1677E-050C-465D-BCFF-9EDE43A9D0D6}.Debug|Any CPU.ActiveCfg = Debug|Any CPU
		{7DD1677E-050C-465D-BCFF-9EDE43A9D0D6}.Debug|Any CPU.Build.0 = Debug|Any CPU
		{7DD1677E-050C-465D-BCFF-9EDE43A9D0D6}.Release|Any CPU.ActiveCfg = Release|Any CPU
		{7DD1677E-050C-465D-BCFF-9EDE43A9D0D6}.Release|Any CPU.Build.0 = Release|Any CPU
		{7190DFCD-B458-4431-AC51-16408AE49749}.Debug|Any CPU.ActiveCfg = Debug|Any CPU
		{7190DFCD-B458-4431-AC51-16408AE49749}.Debug|Any CPU.Build.0 = Debug|Any CPU
		{7190DFCD-B458-4431-AC51-16408AE49749}.Release|Any CPU.ActiveCfg = Release|Any CPU
		{7190DFCD-B458-4431-AC51-16408AE49749}.Release|Any CPU.Build.0 = Release|Any CPU
		{005171FB-2D98-407F-BCAB-9177B1A20085}.Debug|Any CPU.ActiveCfg = Debug|Any CPU
		{005171FB-2D98-407F-BCAB-9177B1A20085}.Debug|Any CPU.Build.0 = Debug|Any CPU
		{005171FB-2D98-407F-BCAB-9177B1A20085}.Release|Any CPU.ActiveCfg = Release|Any CPU
		{005171FB-2D98-407F-BCAB-9177B1A20085}.Release|Any CPU.Build.0 = Release|Any CPU
		{73857619-F0D1-4987-8615-BF5C95E85993}.Debug|Any CPU.ActiveCfg = Debug|Any CPU
		{73857619-F0D1-4987-8615-BF5C95E85993}.Debug|Any CPU.Build.0 = Debug|Any CPU
		{73857619-F0D1-4987-8615-BF5C95E85993}.Release|Any CPU.ActiveCfg = Release|Any CPU
		{73857619-F0D1-4987-8615-BF5C95E85993}.Release|Any CPU.Build.0 = Release|Any CPU
	EndGlobalSection
	GlobalSection(SolutionProperties) = preSolution
		HideSolutionNode = FALSE
	EndGlobalSection
	GlobalSection(NestedProjects) = preSolution
		{C5BD7D35-F4A1-4F2F-B541-DAE66105DE0F} = {C4433AAF-ED97-498A-8DAB-A088F98F148A}
		{E729BBBA-94B4-4DF3-B778-23D056AD8727} = {C4433AAF-ED97-498A-8DAB-A088F98F148A}
		{20E17E75-AF58-4179-A6CD-56BEC1581741} = {334E238E-B83A-449E-8579-C9A164638720}
		{88612F75-844B-4CB6-B467-EC575AFCBBF4} = {334E238E-B83A-449E-8579-C9A164638720}
		{7CFA482D-A8DB-40EA-B962-A3172C3D13CE} = {334E238E-B83A-449E-8579-C9A164638720}
		{AEDF007A-5258-45D2-922A-D01D27F796F0} = {334E238E-B83A-449E-8579-C9A164638720}
		{2308CD83-89FB-4911-82C8-1B97AF72B6E8} = {80B05E41-2923-42F4-9329-48AEE926D0A0}
		{A8584B2A-A9C1-4089-B966-E0E515198D03} = {80B05E41-2923-42F4-9329-48AEE926D0A0}
		{7C63B5EA-6801-4E7E-9B26-BD46EA7BC56A} = {80B05E41-2923-42F4-9329-48AEE926D0A0}
		{B4CE7598-33C9-4160-B75C-16FDF134F887} = {C4433AAF-ED97-498A-8DAB-A088F98F148A}
		{89D3D7A5-8A4C-49E6-86F6-F8EF648FB217} = {B4CE7598-33C9-4160-B75C-16FDF134F887}
		{98D6990F-85ED-4A88-9A4F-DF4BB68931D6} = {B4CE7598-33C9-4160-B75C-16FDF134F887}
		{767A7AE6-68BF-4D7A-95B1-B09BBBB2DB90} = {B4CE7598-33C9-4160-B75C-16FDF134F887}
		{5E9F3359-1B38-410A-9377-7AABE0B963A1} = {B4CE7598-33C9-4160-B75C-16FDF134F887}
		{F1588A51-5F87-4914-9A0D-1DD93490ED60} = {334E238E-B83A-449E-8579-C9A164638720}
		{1A8FC7FC-903B-4319-9D9A-7AC4674F19E5} = {F1588A51-5F87-4914-9A0D-1DD93490ED60}
		{7DD1677E-050C-465D-BCFF-9EDE43A9D0D6} = {F1588A51-5F87-4914-9A0D-1DD93490ED60}
		{7190DFCD-B458-4431-AC51-16408AE49749} = {F1588A51-5F87-4914-9A0D-1DD93490ED60}
		{7CDCE826-F686-4351-88A1-D6ED5379695D} = {80B05E41-2923-42F4-9329-48AEE926D0A0}
		{005171FB-2D98-407F-BCAB-9177B1A20085} = {7CDCE826-F686-4351-88A1-D6ED5379695D}
		{73857619-F0D1-4987-8615-BF5C95E85993} = {7CDCE826-F686-4351-88A1-D6ED5379695D}
	EndGlobalSection
	GlobalSection(ExtensibilityGlobals) = postSolution
		SolutionGuid = {0D9688A0-6812-4DD3-9ADC-85C5EBC0A277}
	EndGlobalSection
EndGlobal
